// !$*UTF8*$!
{
	archiveVersion = 1;
	classes = {
	};
	objectVersion = 46;
	objects = {

/* Begin PBXBuildFile section */
		40EF65041A793B9A00D4D296 /* AppDelegate.swift in Sources */ = {isa = PBXBuildFile; fileRef = 40EF65031A793B9A00D4D296 /* AppDelegate.swift */; };
		40EF65061A793B9A00D4D296 /* ViewController.swift in Sources */ = {isa = PBXBuildFile; fileRef = 40EF65051A793B9A00D4D296 /* ViewController.swift */; };
		40EF65091A793B9A00D4D296 /* Main.storyboard in Resources */ = {isa = PBXBuildFile; fileRef = 40EF65071A793B9A00D4D296 /* Main.storyboard */; };
		40EF650B1A793B9A00D4D296 /* Images.xcassets in Resources */ = {isa = PBXBuildFile; fileRef = 40EF650A1A793B9A00D4D296 /* Images.xcassets */; };
		40EF650E1A793B9A00D4D296 /* LaunchScreen.xib in Resources */ = {isa = PBXBuildFile; fileRef = 40EF650C1A793B9A00D4D296 /* LaunchScreen.xib */; };
		40EF651A1A793B9B00D4D296 /* TicTacToeAppEMTests.swift in Sources */ = {isa = PBXBuildFile; fileRef = 40EF65191A793B9B00D4D296 /* TicTacToeAppEMTests.swift */; };
/* End PBXBuildFile section */

/* Begin PBXContainerItemProxy section */
		40EF65141A793B9B00D4D296 /* PBXContainerItemProxy */ = {
			isa = PBXContainerItemProxy;
			containerPortal = 40EF64F61A793B9A00D4D296 /* Project object */;
			proxyType = 1;
			remoteGlobalIDString = 40EF64FD1A793B9A00D4D296;
			remoteInfo = TicTacToeAppEM;
		};
/* End PBXContainerItemProxy section */

/* Begin PBXFileReference section */
		40EF64FE1A793B9A00D4D296 /* TicTacToeAppEM.app */ = {isa = PBXFileReference; explicitFileType = wrapper.application; includeInIndex = 0; path = TicTacToeAppEM.app; sourceTree = BUILT_PRODUCTS_DIR; };
		40EF65021A793B9A00D4D296 /* Info.plist */ = {isa = PBXFileReference; lastKnownFileType = text.plist.xml; path = Info.plist; sourceTree = "<group>"; };
		40EF65031A793B9A00D4D296 /* AppDelegate.swift */ = {isa = PBXFileReference; lastKnownFileType = sourcecode.swift; path = AppDelegate.swift; sourceTree = "<group>"; };
		40EF65051A793B9A00D4D296 /* ViewController.swift */ = {isa = PBXFileReference; lastKnownFileType = sourcecode.swift; path = ViewController.swift; sourceTree = "<group>"; };
		40EF65081A793B9A00D4D296 /* Base */ = {isa = PBXFileReference; lastKnownFileType = file.storyboard; name = Base; path = Base.lproj/Main.storyboard; sourceTree = "<group>"; };
		40EF650A1A793B9A00D4D296 /* Images.xcassets */ = {isa = PBXFileReference; lastKnownFileType = folder.assetcatalog; path = Images.xcassets; sourceTree = "<group>"; };
		40EF650D1A793B9A00D4D296 /* Base */ = {isa = PBXFileReference; lastKnownFileType = file.xib; name = Base; path = Base.lproj/LaunchScreen.xib; sourceTree = "<group>"; };
		40EF65131A793B9B00D4D296 /* TicTacToeAppEMTests.xctest */ = {isa = PBXFileReference; explicitFileType = wrapper.cfbundle; includeInIndex = 0; path = TicTacToeAppEMTests.xctest; sourceTree = BUILT_PRODUCTS_DIR; };
		40EF65181A793B9B00D4D296 /* Info.plist */ = {isa = PBXFileReference; lastKnownFileType = text.plist.xml; path = Info.plist; sourceTree = "<group>"; };
		40EF65191A793B9B00D4D296 /* TicTacToeAppEMTests.swift */ = {isa = PBXFileReference; lastKnownFileType = sourcecode.swift; path = TicTacToeAppEMTests.swift; sourceTree = "<group>"; };
/* End PBXFileReference section */

/* Begin PBXFrameworksBuildPhase section */
		40EF64FB1A793B9A00D4D296 /* Frameworks */ = {
			isa = PBXFrameworksBuildPhase;
			buildActionMask = 2147483647;
			files = (
			);
			runOnlyForDeploymentPostprocessing = 0;
		};
		40EF65101A793B9B00D4D296 /* Frameworks */ = {
			isa = PBXFrameworksBuildPhase;
			buildActionMask = 2147483647;
			files = (
			);
			runOnlyForDeploymentPostprocessing = 0;
		};
/* End PBXFrameworksBuildPhase section */

/* Begin PBXGroup section */
		40EF64F51A793B9A00D4D296 = {
			isa = PBXGroup;
			children = (
				40EF65001A793B9A00D4D296 /* TicTacToeAppEM */,
				40EF65161A793B9B00D4D296 /* TicTacToeAppEMTests */,
				40EF64FF1A793B9A00D4D296 /* Products */,
			);
			sourceTree = "<group>";
		};
		40EF64FF1A793B9A00D4D296 /* Products */ = {
			isa = PBXGroup;
			children = (
				40EF64FE1A793B9A00D4D296 /* TicTacToeAppEM.app */,
				40EF65131A793B9B00D4D296 /* TicTacToeAppEMTests.xctest */,
			);
			name = Products;
			sourceTree = "<group>";
		};
		40EF65001A793B9A00D4D296 /* TicTacToeAppEM */ = {
			isa = PBXGroup;
			children = (
				40EF65031A793B9A00D4D296 /* AppDelegate.swift */,
				40EF65051A793B9A00D4D296 /* ViewController.swift */,
				40EF65071A793B9A00D4D296 /* Main.storyboard */,
				40EF650A1A793B9A00D4D296 /* Images.xcassets */,
				40EF650C1A793B9A00D4D296 /* LaunchScreen.xib */,
				40EF65011A793B9A00D4D296 /* Supporting Files */,
			);
			path = TicTacToeAppEM;
			sourceTree = "<group>";
		};
		40EF65011A793B9A00D4D296 /* Supporting Files */ = {
			isa = PBXGroup;
			children = (
				40EF65021A793B9A00D4D296 /* Info.plist */,
			);
			name = "Supporting Files";
			sourceTree = "<group>";
		};
		40EF65161A793B9B00D4D296 /* TicTacToeAppEMTests */ = {
			isa = PBXGroup;
			children = (
				40EF65191A793B9B00D4D296 /* TicTacToeAppEMTests.swift */,
				40EF65171A793B9B00D4D296 /* Supporting Files */,
			);
			path = TicTacToeAppEMTests;
			sourceTree = "<group>";
		};
		40EF65171A793B9B00D4D296 /* Supporting Files */ = {
			isa = PBXGroup;
			children = (
				40EF65181A793B9B00D4D296 /* Info.plist */,
			);
			name = "Supporting Files";
			sourceTree = "<group>";
		};
/* End PBXGroup section */

/* Begin PBXNativeTarget section */
		40EF64FD1A793B9A00D4D296 /* TicTacToeAppEM */ = {
			isa = PBXNativeTarget;
			buildConfigurationList = 40EF651D1A793B9B00D4D296 /* Build configuration list for PBXNativeTarget "TicTacToeAppEM" */;
			buildPhases = (
				40EF64FA1A793B9A00D4D296 /* Sources */,
				40EF64FB1A793B9A00D4D296 /* Frameworks */,
				40EF64FC1A793B9A00D4D296 /* Resources */,
			);
			buildRules = (
			);
			dependencies = (
			);
			name = TicTacToeAppEM;
			productName = TicTacToeAppEM;
			productReference = 40EF64FE1A793B9A00D4D296 /* TicTacToeAppEM.app */;
			productType = "com.apple.product-type.application";
		};
		40EF65121A793B9B00D4D296 /* TicTacToeAppEMTests */ = {
			isa = PBXNativeTarget;
			buildConfigurationList = 40EF65201A793B9B00D4D296 /* Build configuration list for PBXNativeTarget "TicTacToeAppEMTests" */;
			buildPhases = (
				40EF650F1A793B9B00D4D296 /* Sources */,
				40EF65101A793B9B00D4D296 /* Frameworks */,
				40EF65111A793B9B00D4D296 /* Resources */,
			);
			buildRules = (
			);
			dependencies = (
				40EF65151A793B9B00D4D296 /* PBXTargetDependency */,
			);
			name = TicTacToeAppEMTests;
			productName = TicTacToeAppEMTests;
			productReference = 40EF65131A793B9B00D4D296 /* TicTacToeAppEMTests.xctest */;
			productType = "com.apple.product-type.bundle.unit-test";
		};
/* End PBXNativeTarget section */

/* Begin PBXProject section */
		40EF64F61A793B9A00D4D296 /* Project object */ = {
			isa = PBXProject;
			attributes = {
				LastUpgradeCheck = 0610;
				ORGANIZATIONNAME = mobileapps;
				TargetAttributes = {
					40EF64FD1A793B9A00D4D296 = {
						CreatedOnToolsVersion = 6.1.1;
					};
					40EF65121A793B9B00D4D296 = {
						CreatedOnToolsVersion = 6.1.1;
						TestTargetID = 40EF64FD1A793B9A00D4D296;
					};
				};
			};
			buildConfigurationList = 40EF64F91A793B9A00D4D296 /* Build configuration list for PBXProject "TicTacToeAppEM" */;
			compatibilityVersion = "Xcode 3.2";
			developmentRegion = English;
			hasScannedForEncodings = 0;
			knownRegions = (
				en,
				Base,
			);
			mainGroup = 40EF64F51A793B9A00D4D296;
			productRefGroup = 40EF64FF1A793B9A00D4D296 /* Products */;
			projectDirPath = "";
			projectRoot = "";
			targets = (
				40EF64FD1A793B9A00D4D296 /* TicTacToeAppEM */,
				40EF65121A793B9B00D4D296 /* TicTacToeAppEMTests */,
			);
		};
/* End PBXProject section */

/* Begin PBXResourcesBuildPhase section */
		40EF64FC1A793B9A00D4D296 /* Resources */ = {
			isa = PBXResourcesBuildPhase;
			buildActionMask = 2147483647;
			files = (
				40EF65091A793B9A00D4D296 /* Main.storyboard in Resources */,
				40EF650E1A793B9A00D4D296 /* LaunchScreen.xib in Resources */,
				40EF650B1A793B9A00D4D296 /* Images.xcassets in Resources */,
			);
			runOnlyForDeploymentPostprocessing = 0;
		};
		40EF65111A793B9B00D4D296 /* Resources */ = {
			isa = PBXResourcesBuildPhase;
			buildActionMask = 2147483647;
			files = (
			);
			runOnlyForDeploymentPostprocessing = 0;
		};
/* End PBXResourcesBuildPhase section */

/* Begin PBXSourcesBuildPhase section */
		40EF64FA1A793B9A00D4D296 /* Sources */ = {
			isa = PBXSourcesBuildPhase;
			buildActionMask = 2147483647;
			files = (
				40EF65061A793B9A00D4D296 /* ViewController.swift in Sources */,
				40EF65041A793B9A00D4D296 /* AppDelegate.swift in Sources */,
			);
			runOnlyForDeploymentPostprocessing = 0;
		};
		40EF650F1A793B9B00D4D296 /* Sources */ = {
			isa = PBXSourcesBuildPhase;
			buildActionMask = 2147483647;
			files = (
				40EF651A1A793B9B00D4D296 /* TicTacToeAppEMTests.swift in Sources */,
			);
			runOnlyForDeploymentPostprocessing = 0;
		};
/* End PBXSourcesBuildPhase section */

/* Begin PBXTargetDependency section */
		40EF65151A793B9B00D4D296 /* PBXTargetDependency */ = {
			isa = PBXTargetDependency;
			target = 40EF64FD1A793B9A00D4D296 /* TicTacToeAppEM */;
			targetProxy = 40EF65141A793B9B00D4D296 /* PBXContainerItemProxy */;
		};
/* End PBXTargetDependency section */

/* Begin PBXVariantGroup section */
		40EF65071A793B9A00D4D296 /* Main.storyboard */ = {
			isa = PBXVariantGroup;
			children = (
				40EF65081A793B9A00D4D296 /* Base */,
			);
			name = Main.storyboard;
			sourceTree = "<group>";
		};
		40EF650C1A793B9A00D4D296 /* LaunchScreen.xib */ = {
			isa = PBXVariantGroup;
			children = (
				40EF650D1A793B9A00D4D296 /* Base */,
			);
			name = LaunchScreen.xib;
			sourceTree = "<group>";
		};
/* End PBXVariantGroup section */

/* Begin XCBuildConfiguration section */
		40EF651B1A793B9B00D4D296 /* Debug */ = {
			isa = XCBuildConfiguration;
			buildSettings = {
				ALWAYS_SEARCH_USER_PATHS = NO;
				CLANG_CXX_LANGUAGE_STANDARD = "gnu++0x";
				CLANG_CXX_LIBRARY = "libc++";
				CLANG_ENABLE_MODULES = YES;
				CLANG_ENABLE_OBJC_ARC = YES;
				CLANG_WARN_BOOL_CONVERSION = YES;
				CLANG_WARN_CONSTANT_CONVERSION = YES;
				CLANG_WARN_DIRECT_OBJC_ISA_USAGE = YES_ERROR;
				CLANG_WARN_EMPTY_BODY = YES;
				CLANG_WARN_ENUM_CONVERSION = YES;
				CLANG_WARN_INT_CONVERSION = YES;
				CLANG_WARN_OBJC_ROOT_CLASS = YES_ERROR;
				CLANG_WARN_UNREACHABLE_CODE = YES;
				CLANG_WARN__DUPLICATE_METHOD_MATCH = YES;
				"CODE_SIGN_IDENTITY[sdk=iphoneos*]" = "iPhone Developer";
				COPY_PHASE_STRIP = NO;
				ENABLE_STRICT_OBJC_MSGSEND = YES;
				GCC_C_LANGUAGE_STANDARD = gnu99;
				GCC_DYNAMIC_NO_PIC = NO;
				GCC_OPTIMIZATION_LEVEL = 0;
				GCC_PREPROCESSOR_DEFINITIONS = (
					"DEBUG=1",
					"$(inherited)",
				);
				GCC_SYMBOLS_PRIVATE_EXTERN = NO;
				GCC_WARN_64_TO_32_BIT_CONVERSION = YES;
				GCC_WARN_ABOUT_RETURN_TYPE = YES_ERROR;
				GCC_WARN_UNDECLARED_SELECTOR = YES;
				GCC_WARN_UNINITIALIZED_AUTOS = YES_AGGRESSIVE;
				GCC_WARN_UNUSED_FUNCTION = YES;
				GCC_WARN_UNUSED_VARIABLE = YES;
				IPHONEOS_DEPLOYMENT_TARGET = 8.1;
				MTL_ENABLE_DEBUG_INFO = YES;
				ONLY_ACTIVE_ARCH = YES;
				SDKROOT = iphoneos;
				SWIFT_OPTIMIZATION_LEVEL = "-Onone";
				TARGETED_DEVICE_FAMILY = "1,2";
			};
			name = Debug;
		};
		40EF651C1A793B9B00D4D296 /* Release */ = {
			isa = XCBuildConfiguration;
			buildSettings = {
				ALWAYS_SEARCH_USER_PATHS = NO;
				CLANG_CXX_LANGUAGE_STANDARD = "gnu++0x";
				CLANG_CXX_LIBRARY = "libc++";
				CLANG_ENABLE_MODULES = YES;
				CLANG_ENABLE_OBJC_ARC = YES;
				CLANG_WARN_BOOL_CONVERSION = YES;
				CLANG_WARN_CONSTANT_CONVERSION = YES;
				CLANG_WARN_DIRECT_OBJC_ISA_USAGE = YES_ERROR;
				CLANG_WARN_EMPTY_BODY = YES;
				CLANG_WARN_ENUM_CONVERSION = YES;
				CLANG_WARN_INT_CONVERSION = YES;
				CLANG_WARN_OBJC_ROOT_CLASS = YES_ERROR;
				CLANG_WARN_UNREACHABLE_CODE = YES;
				CLANG_WARN__DUPLICATE_METHOD_MATCH = YES;
				"CODE_SIGN_IDENTITY[sdk=iphoneos*]" = "iPhone Developer";
				COPY_PHASE_STRIP = YES;
				ENABLE_NS_ASSERTIONS = NO;
				ENABLE_STRICT_OBJC_MSGSEND = YES;
				GCC_C_LANGUAGE_STANDARD = gnu99;
				GCC_WARN_64_TO_32_BIT_CONVERSION = YES;
				GCC_WARN_ABOUT_RETURN_TYPE = YES_ERROR;
				GCC_WARN_UNDECLARED_SELECTOR = YES;
				GCC_WARN_UNINITIALIZED_AUTOS = YES_AGGRESSIVE;
				GCC_WARN_UNUSED_FUNCTION = YES;
				GCC_WARN_UNUSED_VARIABLE = YES;
				IPHONEOS_DEPLOYMENT_TARGET = 8.1;
				MTL_ENABLE_DEBUG_INFO = NO;
				SDKROOT = iphoneos;
				TARGETED_DEVICE_FAMILY = "1,2";
				VALIDATE_PRODUCT = YES;
			};
			name = Release;
		};
		40EF651E1A793B9B00D4D296 /* Debug */ = {
			isa = XCBuildConfiguration;
			buildSettings = {
				ASSETCATALOG_COMPILER_APPICON_NAME = AppIcon;
				INFOPLIST_FILE = TicTacToeAppEM/Info.plist;
				LD_RUNPATH_SEARCH_PATHS = "$(inherited) @executable_path/Frameworks";
				PRODUCT_NAME = "$(TARGET_NAME)";
			};
			name = Debug;
		};
		40EF651F1A793B9B00D4D296 /* Release */ = {
			isa = XCBuildConfiguration;
			buildSettings = {
				ASSETCATALOG_COMPILER_APPICON_NAME = AppIcon;
				INFOPLIST_FILE = TicTacToeAppEM/Info.plist;
				LD_RUNPATH_SEARCH_PATHS = "$(inherited) @executable_path/Frameworks";
				PRODUCT_NAME = "$(TARGET_NAME)";
			};
			name = Release;
		};
		40EF65211A793B9B00D4D296 /* Debug */ = {
			isa = XCBuildConfiguration;
			buildSettings = {
				BUNDLE_LOADER = "$(TEST_HOST)";
				FRAMEWORK_SEARCH_PATHS = (
					"$(SDKROOT)/Developer/Library/Frameworks",
					"$(inherited)",
				);
				GCC_PREPROCESSOR_DEFINITIONS = (
					"DEBUG=1",
					"$(inherited)",
				);
				INFOPLIST_FILE = TicTacToeAppEMTests/Info.plist;
				LD_RUNPATH_SEARCH_PATHS = "$(inherited) @executable_path/Frameworks @loader_path/Frameworks";
				PRODUCT_NAME = "$(TARGET_NAME)";
				TEST_HOST = "$(BUILT_PRODUCTS_DIR)/TicTacToeAppEM.app/TicTacToeAppEM";
			};
			name = Debug;
		};
		40EF65221A793B9B00D4D296 /* Release */ = {
			isa = XCBuildConfiguration;
			buildSettings = {
				BUNDLE_LOADER = "$(TEST_HOST)";
				FRAMEWORK_SEARCH_PATHS = (
					"$(SDKROOT)/Developer/Library/Frameworks",
					"$(inherited)",
				);
				INFOPLIST_FILE = TicTacToeAppEMTests/Info.plist;
				LD_RUNPATH_SEARCH_PATHS = "$(inherited) @executable_path/Frameworks @loader_path/Frameworks";
				PRODUCT_NAME = "$(TARGET_NAME)";
				TEST_HOST = "$(BUILT_PRODUCTS_DIR)/TicTacToeAppEM.app/TicTacToeAppEM";
			};
			name = Release;
		};
/* End XCBuildConfiguration section */

/* Begin XCConfigurationList section */
		40EF64F91A793B9A00D4D296 /* Build configuration list for PBXProject "TicTacToeAppEM" */ = {
			isa = XCConfigurationList;
			buildConfigurations = (
				40EF651B1A793B9B00D4D296 /* Debug */,
				40EF651C1A793B9B00D4D296 /* Release */,
			);
			defaultConfigurationIsVisible = 0;
			defaultConfigurationName = Release;
		};
		40EF651D1A793B9B00D4D296 /* Build configuration list for PBXNativeTarget "TicTacToeAppEM" */ = {
			isa = XCConfigurationList;
			buildConfigurations = (
				40EF651E1A793B9B00D4D296 /* Debug */,
				40EF651F1A793B9B00D4D296 /* Release */,
			);
			defaultConfigurationIsVisible = 0;
		};
		40EF65201A793B9B00D4D296 /* Build configuration list for PBXNativeTarget "TicTacToeAppEMTests" */ = {
			isa = XCConfigurationList;
			buildConfigurations = (
				40EF65211A793B9B00D4D296 /* Debug */,
				40EF65221A793B9B00D4D296 /* Release */,
			);
			defaultConfigurationIsVisible = 0;
		};
/* End XCConfigurationList section */
	};
	rootObject = 40EF64F61A793B9A00D4D296 /* Project object */;
}
